{
  "name": "orca-bug-npm-package-git-commit",
  "version": "1.0.0",
  "lockfileVersion": 3,
  "requires": true,
  "packages": {
    "": {
      "name": "orca-bug-npm-package-git-commit",
      "version": "1.0.0",
      "license": "ISC",
      "dependencies": {
        "react": "https://github.com/tc39/test262#47ab262658cd97ae35c9a537808cac18fa4ab567"
      }
    },
    "node_modules/react": {
      "name": "test262",
      "version": "5.0.0",
      "resolved": "git+ssh://git@github.com/tc39/test262.git#47ab262658cd97ae35c9a537808cac18fa4ab567",
      "integrity": "sha512-YBThPDnnE7h0cGIKrfRFFnEBbD6unkudspIgto8J0n8F9VxmTO749IhcQMlsmh6md0Z33XU+x5ANAz9unBQrMQ==",
      "license": "BSD"
    }
  }
}
